{
    "_readme": [
        "This file locks the dependencies of your project to a known state",
        "Read more about it at https://getcomposer.org/doc/01-basic-usage.md#installing-dependencies",
        "This file is @generated automatically"
    ],
    "content-hash": "b98ddaaae27d6d6eedf8bf01d89af296",
    "packages": [
        {
            "name": "freshwork/transbank",
            "version": "1.2.1",
            "source": {
                "type": "git",
                "url": "https://github.com/freshworkstudio/transbank-web-services.git",
                "reference": "690e15bd6cdeb6897f49ab12b18c3d48362e8d50"
            },
            "dist": {
                "type": "zip",
                "url": "https://api.github.com/repos/freshworkstudio/transbank-web-services/zipball/690e15bd6cdeb6897f49ab12b18c3d48362e8d50",
                "reference": "690e15bd6cdeb6897f49ab12b18c3d48362e8d50",
                "shasum": ""
            },
            "require": {
                "ext-dom": "*",
                "ext-openssl": "*",
                "ext-soap": "*"
            },
            "type": "library",
            "extra": {
                "laravel": {
                    "providers": [
                        "Freshwork\\Transbank\\Laravel\\WebpayServiceProvider"
                    ]
                }
            },
            "autoload": {
                "psr-4": {
                    "Freshwork\\Transbank\\": "src/"
                },
                "classmap": [
                    "src/wss"
                ]
            },
            "notification-url": "https://packagist.org/downloads/",
            "license": [
                "MIT"
            ],
            "authors": [
                {
                    "name": "Gonzalo De Spirito",
                    "email": "gonzalo@freshworkstudio.com"
                }
            ],
            "description": "SDK para webservices de transbank (Webpay Plus, Webpay OneClick, Webpay PatPass)",
            "support": {
                "issues": "https://github.com/freshworkstudio/transbank-web-services/issues",
                "source": "https://github.com/freshworkstudio/transbank-web-services/tree/1.2.1"
            },
            "time": "2019-12-17T13:16:26+00:00"
        }
    ],
    "packages-dev": [],
    "aliases": [],
    "minimum-stability": "stable",
    "stability-flags": [],
    "prefer-stable": false,
    "prefer-lowest": false,
    "platform": [],
    "platform-dev": [],
    "plugin-api-version": "2.0.0"
}
